// !$*UTF8*$!
{
	archiveVersion = 1;
	classes = {
	};
	objectVersion = 50;
	objects = {

/* Begin PBXBuildFile section */
		7DAC753C256D53A800FB5CA4 /* AppDelegate.swift in Sources */ = {isa = PBXBuildFile; fileRef = 7DAC753B256D53A800FB5CA4 /* AppDelegate.swift */; };
		7DAC753E256D53A800FB5CA4 /* SceneDelegate.swift in Sources */ = {isa = PBXBuildFile; fileRef = 7DAC753D256D53A800FB5CA4 /* SceneDelegate.swift */; };
		7DAC7540256D53A800FB5CA4 /* ViewController.swift in Sources */ = {isa = PBXBuildFile; fileRef = 7DAC753F256D53A800FB5CA4 /* ViewController.swift */; };
		7DAC7543256D53A800FB5CA4 /* Main.storyboard in Resources */ = {isa = PBXBuildFile; fileRef = 7DAC7541256D53A800FB5CA4 /* Main.storyboard */; };
		7DAC7545256D53AB00FB5CA4 /* Assets.xcassets in Resources */ = {isa = PBXBuildFile; fileRef = 7DAC7544256D53AB00FB5CA4 /* Assets.xcassets */; };
		7DAC7548256D53AB00FB5CA4 /* LaunchScreen.storyboard in Resources */ = {isa = PBXBuildFile; fileRef = 7DAC7546256D53AB00FB5CA4 /* LaunchScreen.storyboard */; };
		7DAC7553256D53AB00FB5CA4 /* UDFExampleTests.swift in Sources */ = {isa = PBXBuildFile; fileRef = 7DAC7552256D53AB00FB5CA4 /* UDFExampleTests.swift */; };
/* End PBXBuildFile section */

/* Begin PBXContainerItemProxy section */
		7DAC754F256D53AB00FB5CA4 /* PBXContainerItemProxy */ = {
			isa = PBXContainerItemProxy;
			containerPortal = 7DAC7530256D53A700FB5CA4 /* Project object */;
			proxyType = 1;
			remoteGlobalIDString = 7DAC7537256D53A700FB5CA4;
			remoteInfo = UDFExample;
		};
/* End PBXContainerItemProxy section */

/* Begin PBXFileReference section */
		7DAC7538256D53A700FB5CA4 /* UDFExample.app */ = {isa = PBXFileReference; explicitFileType = wrapper.application; includeInIndex = 0; path = UDFExample.app; sourceTree = BUILT_PRODUCTS_DIR; };
		7DAC753B256D53A800FB5CA4 /* AppDelegate.swift */ = {isa = PBXFileReference; lastKnownFileType = sourcecode.swift; path = AppDelegate.swift; sourceTree = "<group>"; };
		7DAC753D256D53A800FB5CA4 /* SceneDelegate.swift */ = {isa = PBXFileReference; lastKnownFileType = sourcecode.swift; path = SceneDelegate.swift; sourceTree = "<group>"; };
		7DAC753F256D53A800FB5CA4 /* ViewController.swift */ = {isa = PBXFileReference; lastKnownFileType = sourcecode.swift; path = ViewController.swift; sourceTree = "<group>"; };
		7DAC7542256D53A800FB5CA4 /* Base */ = {isa = PBXFileReference; lastKnownFileType = file.storyboard; name = Base; path = Base.lproj/Main.storyboard; sourceTree = "<group>"; };
		7DAC7544256D53AB00FB5CA4 /* Assets.xcassets */ = {isa = PBXFileReference; lastKnownFileType = folder.assetcatalog; path = Assets.xcassets; sourceTree = "<group>"; };
		7DAC7547256D53AB00FB5CA4 /* Base */ = {isa = PBXFileReference; lastKnownFileType = file.storyboard; name = Base; path = Base.lproj/LaunchScreen.storyboard; sourceTree = "<group>"; };
		7DAC7549256D53AB00FB5CA4 /* Info.plist */ = {isa = PBXFileReference; lastKnownFileType = text.plist.xml; path = Info.plist; sourceTree = "<group>"; };
		7DAC754E256D53AB00FB5CA4 /* UDFExampleTests.xctest */ = {isa = PBXFileReference; explicitFileType = wrapper.cfbundle; includeInIndex = 0; path = UDFExampleTests.xctest; sourceTree = BUILT_PRODUCTS_DIR; };
		7DAC7552256D53AB00FB5CA4 /* UDFExampleTests.swift */ = {isa = PBXFileReference; lastKnownFileType = sourcecode.swift; path = UDFExampleTests.swift; sourceTree = "<group>"; };
		7DAC7554256D53AB00FB5CA4 /* Info.plist */ = {isa = PBXFileReference; lastKnownFileType = text.plist.xml; path = Info.plist; sourceTree = "<group>"; };
/* End PBXFileReference section */

/* Begin PBXFrameworksBuildPhase section */
		7DAC7535256D53A700FB5CA4 /* Frameworks */ = {
			isa = PBXFrameworksBuildPhase;
			buildActionMask = 2147483647;
			files = (
			);
			runOnlyForDeploymentPostprocessing = 0;
		};
		7DAC754B256D53AB00FB5CA4 /* Frameworks */ = {
			isa = PBXFrameworksBuildPhase;
			buildActionMask = 2147483647;
			files = (
			);
			runOnlyForDeploymentPostprocessing = 0;
		};
/* End PBXFrameworksBuildPhase section */

/* Begin PBXGroup section */
		7DAC752F256D53A700FB5CA4 = {
			isa = PBXGroup;
			children = (
				7DAC753A256D53A700FB5CA4 /* UDFExample */,
				7DAC7551256D53AB00FB5CA4 /* UDFExampleTests */,
				7DAC7539256D53A700FB5CA4 /* Products */,
			);
			sourceTree = "<group>";
		};
		7DAC7539256D53A700FB5CA4 /* Products */ = {
			isa = PBXGroup;
			children = (
				7DAC7538256D53A700FB5CA4 /* UDFExample.app */,
				7DAC754E256D53AB00FB5CA4 /* UDFExampleTests.xctest */,
			);
			name = Products;
			sourceTree = "<group>";
		};
		7DAC753A256D53A700FB5CA4 /* UDFExample */ = {
			isa = PBXGroup;
			children = (
				7DAC753B256D53A800FB5CA4 /* AppDelegate.swift */,
				7DAC753D256D53A800FB5CA4 /* SceneDelegate.swift */,
				7DAC753F256D53A800FB5CA4 /* ViewController.swift */,
				7DAC7541256D53A800FB5CA4 /* Main.storyboard */,
				7DAC7544256D53AB00FB5CA4 /* Assets.xcassets */,
				7DAC7546256D53AB00FB5CA4 /* LaunchScreen.storyboard */,
				7DAC7549256D53AB00FB5CA4 /* Info.plist */,
			);
			path = UDFExample;
			sourceTree = "<group>";
		};
		7DAC7551256D53AB00FB5CA4 /* UDFExampleTests */ = {
			isa = PBXGroup;
			children = (
				7DAC7552256D53AB00FB5CA4 /* UDFExampleTests.swift */,
				7DAC7554256D53AB00FB5CA4 /* Info.plist */,
			);
			path = UDFExampleTests;
			sourceTree = "<group>";
		};
/* End PBXGroup section */

/* Begin PBXNativeTarget section */
		7DAC7537256D53A700FB5CA4 /* UDFExample */ = {
			isa = PBXNativeTarget;
			buildConfigurationList = 7DAC7557256D53AB00FB5CA4 /* Build configuration list for PBXNativeTarget "UDFExample" */;
			buildPhases = (
				7DAC7534256D53A700FB5CA4 /* Sources */,
				7DAC7535256D53A700FB5CA4 /* Frameworks */,
				7DAC7536256D53A700FB5CA4 /* Resources */,
			);
			buildRules = (
			);
			dependencies = (
			);
			name = UDFExample;
			productName = UDFExample;
			productReference = 7DAC7538256D53A700FB5CA4 /* UDFExample.app */;
			productType = "com.apple.product-type.application";
		};
		7DAC754D256D53AB00FB5CA4 /* UDFExampleTests */ = {
			isa = PBXNativeTarget;
			buildConfigurationList = 7DAC755A256D53AB00FB5CA4 /* Build configuration list for PBXNativeTarget "UDFExampleTests" */;
			buildPhases = (
				7DAC754A256D53AB00FB5CA4 /* Sources */,
				7DAC754B256D53AB00FB5CA4 /* Frameworks */,
				7DAC754C256D53AB00FB5CA4 /* Resources */,
			);
			buildRules = (
			);
			dependencies = (
				7DAC7550256D53AB00FB5CA4 /* PBXTargetDependency */,
			);
			name = UDFExampleTests;
			productName = UDFExampleTests;
			productReference = 7DAC754E256D53AB00FB5CA4 /* UDFExampleTests.xctest */;
			productType = "com.apple.product-type.bundle.unit-test";
		};
/* End PBXNativeTarget section */

/* Begin PBXProject section */
		7DAC7530256D53A700FB5CA4 /* Project object */ = {
			isa = PBXProject;
			attributes = {
				LastSwiftUpdateCheck = 1150;
				LastUpgradeCheck = 1150;
				TargetAttributes = {
					7DAC7537256D53A700FB5CA4 = {
						CreatedOnToolsVersion = 11.5;
					};
					7DAC754D256D53AB00FB5CA4 = {
						CreatedOnToolsVersion = 11.5;
						TestTargetID = 7DAC7537256D53A700FB5CA4;
					};
				};
			};
			buildConfigurationList = 7DAC7533256D53A700FB5CA4 /* Build configuration list for PBXProject "UDFExample" */;
			compatibilityVersion = "Xcode 9.3";
			developmentRegion = en;
			hasScannedForEncodings = 0;
			knownRegions = (
				en,
				Base,
			);
			mainGroup = 7DAC752F256D53A700FB5CA4;
			productRefGroup = 7DAC7539256D53A700FB5CA4 /* Products */;
			projectDirPath = "";
			projectRoot = "";
			targets = (
				7DAC7537256D53A700FB5CA4 /* UDFExample */,
				7DAC754D256D53AB00FB5CA4 /* UDFExampleTests */,
			);
		};
/* End PBXProject section */

/* Begin PBXResourcesBuildPhase section */
		7DAC7536256D53A700FB5CA4 /* Resources */ = {
			isa = PBXResourcesBuildPhase;
			buildActionMask = 2147483647;
			files = (
				7DAC7548256D53AB00FB5CA4 /* LaunchScreen.storyboard in Resources */,
				7DAC7545256D53AB00FB5CA4 /* Assets.xcassets in Resources */,
				7DAC7543256D53A800FB5CA4 /* Main.storyboard in Resources */,
			);
			runOnlyForDeploymentPostprocessing = 0;
		};
		7DAC754C256D53AB00FB5CA4 /* Resources */ = {
			isa = PBXResourcesBuildPhase;
			buildActionMask = 2147483647;
			files = (
			);
			runOnlyForDeploymentPostprocessing = 0;
		};
/* End PBXResourcesBuildPhase section */

/* Begin PBXSourcesBuildPhase section */
		7DAC7534256D53A700FB5CA4 /* Sources */ = {
			isa = PBXSourcesBuildPhase;
			buildActionMask = 2147483647;
			files = (
				7DAC7540256D53A800FB5CA4 /* ViewController.swift in Sources */,
				7DAC753C256D53A800FB5CA4 /* AppDelegate.swift in Sources */,
				7DAC753E256D53A800FB5CA4 /* SceneDelegate.swift in Sources */,
			);
			runOnlyForDeploymentPostprocessing = 0;
		};
		7DAC754A256D53AB00FB5CA4 /* Sources */ = {
			isa = PBXSourcesBuildPhase;
			buildActionMask = 2147483647;
			files = (
				7DAC7553256D53AB00FB5CA4 /* UDFExampleTests.swift in Sources */,
			);
			runOnlyForDeploymentPostprocessing = 0;
		};
/* End PBXSourcesBuildPhase section */

/* Begin PBXTargetDependency section */
		7DAC7550256D53AB00FB5CA4 /* PBXTargetDependency */ = {
			isa = PBXTargetDependency;
			target = 7DAC7537256D53A700FB5CA4 /* UDFExample */;
			targetProxy = 7DAC754F256D53AB00FB5CA4 /* PBXContainerItemProxy */;
		};
/* End PBXTargetDependency section */

/* Begin PBXVariantGroup section */
		7DAC7541256D53A800FB5CA4 /* Main.storyboard */ = {
			isa = PBXVariantGroup;
			children = (
				7DAC7542256D53A800FB5CA4 /* Base */,
			);
			name = Main.storyboard;
			sourceTree = "<group>";
		};
		7DAC7546256D53AB00FB5CA4 /* LaunchScreen.storyboard */ = {
			isa = PBXVariantGroup;
			children = (
				7DAC7547256D53AB00FB5CA4 /* Base */,
			);
			name = LaunchScreen.storyboard;
			sourceTree = "<group>";
		};
/* End PBXVariantGroup section */

/* Begin XCBuildConfiguration section */
		7DAC7555256D53AB00FB5CA4 /* Debug */ = {
			isa = XCBuildConfiguration;
			buildSettings = {
				ALWAYS_SEARCH_USER_PATHS = NO;
				CLANG_ANALYZER_NONNULL = YES;
				CLANG_ANALYZER_NUMBER_OBJECT_CONVERSION = YES_AGGRESSIVE;
				CLANG_CXX_LANGUAGE_STANDARD = "gnu++14";
				CLANG_CXX_LIBRARY = "libc++";
				CLANG_ENABLE_MODULES = YES;
				CLANG_ENABLE_OBJC_ARC = YES;
				CLANG_ENABLE_OBJC_WEAK = YES;
				CLANG_WARN_BLOCK_CAPTURE_AUTORELEASING = YES;
				CLANG_WARN_BOOL_CONVERSION = YES;
				CLANG_WARN_COMMA = YES;
				CLANG_WARN_CONSTANT_CONVERSION = YES;
				CLANG_WARN_DEPRECATED_OBJC_IMPLEMENTATIONS = YES;
				CLANG_WARN_DIRECT_OBJC_ISA_USAGE = YES_ERROR;
				CLANG_WARN_DOCUMENTATION_COMMENTS = YES;
				CLANG_WARN_EMPTY_BODY = YES;
				CLANG_WARN_ENUM_CONVERSION = YES;
				CLANG_WARN_INFINITE_RECURSION = YES;
				CLANG_WARN_INT_CONVERSION = YES;
				CLANG_WARN_NON_LITERAL_NULL_CONVERSION = YES;
				CLANG_WARN_OBJC_IMPLICIT_RETAIN_SELF = YES;
				CLANG_WARN_OBJC_LITERAL_CONVERSION = YES;
				CLANG_WARN_OBJC_ROOT_CLASS = YES_ERROR;
				CLANG_WARN_RANGE_LOOP_ANALYSIS = YES;
				CLANG_WARN_STRICT_PROTOTYPES = YES;
				CLANG_WARN_SUSPICIOUS_MOVE = YES;
				CLANG_WARN_UNGUARDED_AVAILABILITY = YES_AGGRESSIVE;
				CLANG_WARN_UNREACHABLE_CODE = YES;
				CLANG_WARN__DUPLICATE_METHOD_MATCH = YES;
				COPY_PHASE_STRIP = NO;
				DEBUG_INFORMATION_FORMAT = dwarf;
				ENABLE_STRICT_OBJC_MSGSEND = YES;
				ENABLE_TESTABILITY = YES;
				GCC_C_LANGUAGE_STANDARD = gnu11;
				GCC_DYNAMIC_NO_PIC = NO;
				GCC_NO_COMMON_BLOCKS = YES;
				GCC_OPTIMIZATION_LEVEL = 0;
				GCC_PREPROCESSOR_DEFINITIONS = (
					"DEBUG=1",
					"$(inherited)",
				);
				GCC_WARN_64_TO_32_BIT_CONVERSION = YES;
				GCC_WARN_ABOUT_RETURN_TYPE = YES_ERROR;
				GCC_WARN_UNDECLARED_SELECTOR = YES;
				GCC_WARN_UNINITIALIZED_AUTOS = YES_AGGRESSIVE;
				GCC_WARN_UNUSED_FUNCTION = YES;
				GCC_WARN_UNUSED_VARIABLE = YES;
				IPHONEOS_DEPLOYMENT_TARGET = 13.5;
				MTL_ENABLE_DEBUG_INFO = INCLUDE_SOURCE;
				MTL_FAST_MATH = YES;
				ONLY_ACTIVE_ARCH = YES;
				SDKROOT = iphoneos;
				SWIFT_ACTIVE_COMPILATION_CONDITIONS = DEBUG;
				SWIFT_OPTIMIZATION_LEVEL = "-Onone";
			};
			name = Debug;
		};
		7DAC7556256D53AB00FB5CA4 /* Release */ = {
			isa = XCBuildConfiguration;
			buildSettings = {
				ALWAYS_SEARCH_USER_PATHS = NO;
				CLANG_ANALYZER_NONNULL = YES;
				CLANG_ANALYZER_NUMBER_OBJECT_CONVERSION = YES_AGGRESSIVE;
				CLANG_CXX_LANGUAGE_STANDARD = "gnu++14";
				CLANG_CXX_LIBRARY = "libc++";
				CLANG_ENABLE_MODULES = YES;
				CLANG_ENABLE_OBJC_ARC = YES;
				CLANG_ENABLE_OBJC_WEAK = YES;
				CLANG_WARN_BLOCK_CAPTURE_AUTORELEASING = YES;
				CLANG_WARN_BOOL_CONVERSION = YES;
				CLANG_WARN_COMMA = YES;
				CLANG_WARN_CONSTANT_CONVERSION = YES;
				CLANG_WARN_DEPRECATED_OBJC_IMPLEMENTATIONS = YES;
				CLANG_WARN_DIRECT_OBJC_ISA_USAGE = YES_ERROR;
				CLANG_WARN_DOCUMENTATION_COMMENTS = YES;
				CLANG_WARN_EMPTY_BODY = YES;
				CLANG_WARN_ENUM_CONVERSION = YES;
				CLANG_WARN_INFINITE_RECURSION = YES;
				CLANG_WARN_INT_CONVERSION = YES;
				CLANG_WARN_NON_LITERAL_NULL_CONVERSION = YES;
				CLANG_WARN_OBJC_IMPLICIT_RETAIN_SELF = YES;
				CLANG_WARN_OBJC_LITERAL_CONVERSION = YES;
				CLANG_WARN_OBJC_ROOT_CLASS = YES_ERROR;
				CLANG_WARN_RANGE_LOOP_ANALYSIS = YES;
				CLANG_WARN_STRICT_PROTOTYPES = YES;
				CLANG_WARN_SUSPICIOUS_MOVE = YES;
				CLANG_WARN_UNGUARDED_AVAILABILITY = YES_AGGRESSIVE;
				CLANG_WARN_UNREACHABLE_CODE = YES;
				CLANG_WARN__DUPLICATE_METHOD_MATCH = YES;
				COPY_PHASE_STRIP = NO;
				DEBUG_INFORMATION_FORMAT = "dwarf-with-dsym";
				ENABLE_NS_ASSERTIONS = NO;
				ENABLE_STRICT_OBJC_MSGSEND = YES;
				GCC_C_LANGUAGE_STANDARD = gnu11;
				GCC_NO_COMMON_BLOCKS = YES;
				GCC_WARN_64_TO_32_BIT_CONVERSION = YES;
				GCC_WARN_ABOUT_RETURN_TYPE = YES_ERROR;
				GCC_WARN_UNDECLARED_SELECTOR = YES;
				GCC_WARN_UNINITIALIZED_AUTOS = YES_AGGRESSIVE;
				GCC_WARN_UNUSED_FUNCTION = YES;
				GCC_WARN_UNUSED_VARIABLE = YES;
				IPHONEOS_DEPLOYMENT_TARGET = 13.5;
				MTL_ENABLE_DEBUG_INFO = NO;
				MTL_FAST_MATH = YES;
				SDKROOT = iphoneos;
				SWIFT_COMPILATION_MODE = wholemodule;
				SWIFT_OPTIMIZATION_LEVEL = "-O";
				VALIDATE_PRODUCT = YES;
			};
			name = Release;
		};
		7DAC7558256D53AB00FB5CA4 /* Debug */ = {
			isa = XCBuildConfiguration;
			buildSettings = {
				ASSETCATALOG_COMPILER_APPICON_NAME = AppIcon;
				CODE_SIGN_STYLE = Automatic;
				INFOPLIST_FILE = UDFExample/Info.plist;
				LD_RUNPATH_SEARCH_PATHS = (
					"$(inherited)",
					"@executable_path/Frameworks",
				);
				PRODUCT_BUNDLE_IDENTIFIER = com.MasterWatcher.UDFExample;
				PRODUCT_NAME = "$(TARGET_NAME)";
				SWIFT_VERSION = 5.0;
				TARGETED_DEVICE_FAMILY = "1,2";
			};
			name = Debug;
		};
		7DAC7559256D53AB00FB5CA4 /* Release */ = {
			isa = XCBuildConfiguration;
			buildSettings = {
				ASSETCATALOG_COMPILER_APPICON_NAME = AppIcon;
				CODE_SIGN_STYLE = Automatic;
				INFOPLIST_FILE = UDFExample/Info.plist;
				LD_RUNPATH_SEARCH_PATHS = (
					"$(inherited)",
					"@executable_path/Frameworks",
				);
				PRODUCT_BUNDLE_IDENTIFIER = com.MasterWatcher.UDFExample;
				PRODUCT_NAME = "$(TARGET_NAME)";
				SWIFT_VERSION = 5.0;
				TARGETED_DEVICE_FAMILY = "1,2";
			};
			name = Release;
		};
		7DAC755B256D53AB00FB5CA4 /* Debug */ = {
			isa = XCBuildConfiguration;
			buildSettings = {
				ALWAYS_EMBED_SWIFT_STANDARD_LIBRARIES = YES;
				BUNDLE_LOADER = "$(TEST_HOST)";
				CODE_SIGN_STYLE = Automatic;
				INFOPLIST_FILE = UDFExampleTests/Info.plist;
				IPHONEOS_DEPLOYMENT_TARGET = 13.5;
				LD_RUNPATH_SEARCH_PATHS = (
					"$(inherited)",
					"@executable_path/Frameworks",
					"@loader_path/Frameworks",
				);
				PRODUCT_BUNDLE_IDENTIFIER = com.MasterWatcher.UDFExampleTests;
				PRODUCT_NAME = "$(TARGET_NAME)";
				SWIFT_VERSION = 5.0;
				TARGETED_DEVICE_FAMILY = "1,2";
				TEST_HOST = "$(BUILT_PRODUCTS_DIR)/UDFExample.app/UDFExample";
			};
			name = Debug;
		};
		7DAC755C256D53AB00FB5CA4 /* Release */ = {
			isa = XCBuildConfiguration;
			buildSettings = {
				ALWAYS_EMBED_SWIFT_STANDARD_LIBRARIES = YES;
				BUNDLE_LOADER = "$(TEST_HOST)";
				CODE_SIGN_STYLE = Automatic;
				INFOPLIST_FILE = UDFExampleTests/Info.plist;
				IPHONEOS_DEPLOYMENT_TARGET = 13.5;
				LD_RUNPATH_SEARCH_PATHS = (
					"$(inherited)",
					"@executable_path/Frameworks",
					"@loader_path/Frameworks",
				);
				PRODUCT_BUNDLE_IDENTIFIER = com.MasterWatcher.UDFExampleTests;
				PRODUCT_NAME = "$(TARGET_NAME)";
				SWIFT_VERSION = 5.0;
				TARGETED_DEVICE_FAMILY = "1,2";
				TEST_HOST = "$(BUILT_PRODUCTS_DIR)/UDFExample.app/UDFExample";
			};
			name = Release;
		};
/* End XCBuildConfiguration section */

/* Begin XCConfigurationList section */
		7DAC7533256D53A700FB5CA4 /* Build configuration list for PBXProject "UDFExample" */ = {
			isa = XCConfigurationList;
			buildConfigurations = (
				7DAC7555256D53AB00FB5CA4 /* Debug */,
				7DAC7556256D53AB00FB5CA4 /* Release */,
			);
			defaultConfigurationIsVisible = 0;
			defaultConfigurationName = Release;
		};
		7DAC7557256D53AB00FB5CA4 /* Build configuration list for PBXNativeTarget "UDFExample" */ = {
			isa = XCConfigurationList;
			buildConfigurations = (
				7DAC7558256D53AB00FB5CA4 /* Debug */,
				7DAC7559256D53AB00FB5CA4 /* Release */,
			);
			defaultConfigurationIsVisible = 0;
			defaultConfigurationName = Release;
		};
		7DAC755A256D53AB00FB5CA4 /* Build configuration list for PBXNativeTarget "UDFExampleTests" */ = {
			isa = XCConfigurationList;
			buildConfigurations = (
				7DAC755B256D53AB00FB5CA4 /* Debug */,
				7DAC755C256D53AB00FB5CA4 /* Release */,
			);
			defaultConfigurationIsVisible = 0;
			defaultConfigurationName = Release;
		};
/* End XCConfigurationList section */
	};
	rootObject = 7DAC7530256D53A700FB5CA4 /* Project object */;
}
